schema: '2.0'
stages:
  load_data:
    cmd: python src/load_data.py --config=params.yaml
    deps:
    - path: data_given/winequality.csv
      hash: md5
      md5: ccc8d3507eb151f53f760d36abdef888
      size: 91998
    - path: src/get_data.py
      hash: md5
      md5: 14ea5cc47b2690e7b3e05bb8fd3fc24a
      size: 742
    - path: src/load_data.py
      hash: md5
      md5: ca684ed484eefd009c44ebdbe278829e
      size: 697
    outs:
    - path: data/raw/winequality.csv
      hash: md5
      md5: 069b522b0321bc25a626ceeffcb8eb44
      size: 93598
  split_data:
    cmd: python src/split_data.py --config=params.yaml
    deps:
    - path: data/raw/winequality.csv
      hash: md5
      md5: 069b522b0321bc25a626ceeffcb8eb44
      size: 93598
    - path: src/split_data.py
      hash: md5
      md5: 8f71405df123d50b38e59a550efdabdd
      size: 1099
    outs:
    - path: data/processed/test_winequality.csv
      hash: md5
      md5: ee3284843265e5855bc07dd6427ab1c2
      size: 18831
    - path: data/processed/train_winequality.csv
      hash: md5
      md5: 81dce00e053ba5ebabeacf8e7dca537a
      size: 74913
  train_and_evaluate:
    cmd: python src/train_and_evaluate.py --config=params.yaml
    deps:
    - path: data/processed/test_winequality.csv
      hash: md5
      md5: ee3284843265e5855bc07dd6427ab1c2
      size: 18831
    - path: data/processed/train_winequality.csv
      hash: md5
      md5: 81dce00e053ba5ebabeacf8e7dca537a
      size: 74913
    - path: src/train_and_evaluate.py
      hash: md5
      md5: 5d927512f5858631d7b70d1156a9cbf2
      size: 2673
    params:
      params.yaml:
        estimators.ElasticNet.params.alpha: 0.95
        estimators.ElasticNet.params.l1_ratio: 0.3
    outs:
    - path: report/params.json
      hash: md5
      md5: b97d83b7a556f59dccdbb9e7d48fbe2a
      size: 45
    - path: report/scores.json
      hash: md5
      md5: 83aa9802a6cdaa08118f90f67fdd9208
      size: 99
    - path: saved_models/model.joblib
      hash: md5
      md5: 39de8d5cb6a8012ce446003d732041fb
      size: 1279
